
Microsoft Visual Studio Solution File, Format Version 12.00
# Visual Studio Version 16
VisualStudioVersion = 16.0.30804.86
MinimumVisualStudioVersion = 10.0.40219.1
Project("{FAE04EC0-301F-11D3-BF4B-00C04F79EFBC}") = "LoongEgg.LoongKeys", "LoongEgg.LoongKeys\LoongEgg.LoongKeys.csproj", "{DB3EA0A3-FFBC-49A2-92B8-4741C73BBCCB}"
EndProject
Project("{2150E333-8FDC-42A3-9474-1A3956D46DE8}") = "ViewBase", "ViewBase", "{0AE7B3F5-75EF-4E60-9D73-8ED963314124}"
EndProject
Project("{2150E333-8FDC-42A3-9474-1A3956D46DE8}") = "ViewModelBase", "ViewModelBase", "{DA873BAA-16CB-4286-BDAD-CAC5B4A540EC}"
EndProject
Project("{FAE04EC0-301F-11D3-BF4B-00C04F79EFBC}") = "LoongEgg.ViewBase.Style", "LoongEgg.ViewBase.Style\LoongEgg.ViewBase.Style.csproj", "{9635B7B1-7C50-4C0B-A68E-52C49365E467}"
EndProject
Project("{FAE04EC0-301F-11D3-BF4B-00C04F79EFBC}") = "LoongEgg.ViewBase.Ctrols", "LoongEgg.ViewBase.Ctrols\LoongEgg.ViewBase.Ctrols.csproj", "{4FC12697-7563-4314-B914-07749ED9222A}"
EndProject
Project("{FAE04EC0-301F-11D3-BF4B-00C04F79EFBC}") = "LoongEgg.ViewModelBase", "LoongEgg.ViewModelBase\LoongEgg.ViewModelBase.csproj", "{B8EA535F-1CD9-482B-B72B-C5DE2198C416}"
EndProject
Global
	GlobalSection(SolutionConfigurationPlatforms) = preSolution
		Debug|Any CPU = Debug|Any CPU
		Release|Any CPU = Release|Any CPU
	EndGlobalSection
	GlobalSection(ProjectConfigurationPlatforms) = postSolution
		{DB3EA0A3-FFBC-49A2-92B8-4741C73BBCCB}.Debug|Any CPU.ActiveCfg = Debug|Any CPU
		{DB3EA0A3-FFBC-49A2-92B8-4741C73BBCCB}.Debug|Any CPU.Build.0 = Debug|Any CPU
		{DB3EA0A3-FFBC-49A2-92B8-4741C73BBCCB}.Release|Any CPU.ActiveCfg = Release|Any CPU
		{DB3EA0A3-FFBC-49A2-92B8-4741C73BBCCB}.Release|Any CPU.Build.0 = Release|Any CPU
		{9635B7B1-7C50-4C0B-A68E-52C49365E467}.Debug|Any CPU.ActiveCfg = Debug|Any CPU
		{9635B7B1-7C50-4C0B-A68E-52C49365E467}.Debug|Any CPU.Build.0 = Debug|Any CPU
		{9635B7B1-7C50-4C0B-A68E-52C49365E467}.Release|Any CPU.ActiveCfg = Release|Any CPU
		{9635B7B1-7C50-4C0B-A68E-52C49365E467}.Release|Any CPU.Build.0 = Release|Any CPU
		{4FC12697-7563-4314-B914-07749ED9222A}.Debug|Any CPU.ActiveCfg = Debug|Any CPU
		{4FC12697-7563-4314-B914-07749ED9222A}.Debug|Any CPU.Build.0 = Debug|Any CPU
		{4FC12697-7563-4314-B914-07749ED9222A}.Release|Any CPU.ActiveCfg = Release|Any CPU
		{4FC12697-7563-4314-B914-07749ED9222A}.Release|Any CPU.Build.0 = Release|Any CPU
		{B8EA535F-1CD9-482B-B72B-C5DE2198C416}.Debug|Any CPU.ActiveCfg = Debug|Any CPU
		{B8EA535F-1CD9-482B-B72B-C5DE2198C416}.Debug|Any CPU.Build.0 = Debug|Any CPU
		{B8EA535F-1CD9-482B-B72B-C5DE2198C416}.Release|Any CPU.ActiveCfg = Release|Any CPU
		{B8EA535F-1CD9-482B-B72B-C5DE2198C416}.Release|Any CPU.Build.0 = Release|Any CPU
	EndGlobalSection
	GlobalSection(SolutionProperties) = preSolution
		HideSolutionNode = FALSE
	EndGlobalSection
	GlobalSection(NestedProjects) = preSolution
		{9635B7B1-7C50-4C0B-A68E-52C49365E467} = {0AE7B3F5-75EF-4E60-9D73-8ED963314124}
		{4FC12697-7563-4314-B914-07749ED9222A} = {0AE7B3F5-75EF-4E60-9D73-8ED963314124}
		{B8EA535F-1CD9-482B-B72B-C5DE2198C416} = {DA873BAA-16CB-4286-BDAD-CAC5B4A540EC}
	EndGlobalSection
	GlobalSection(ExtensibilityGlobals) = postSolution
		SolutionGuid = {0B979027-11BA-48E3-B42C-953AA8B15CF9}
	EndGlobalSection
EndGlobal
